
Microsoft Visual Studio Solution File, Format Version 12.00
# Visual Studio Version 17
VisualStudioVersion = 17.10.35013.160
MinimumVisualStudioVersion = 10.0.40219.1
Project("{9A19103F-16F7-4668-BE54-9A1E7A4F7556}") = "dwarf-poker", "dwarf-poker.csproj", "{0E768EAA-576B-432D-A5CB-5A2936AB0DD0}"
EndProject
Global
	GlobalSection(SolutionConfigurationPlatforms) = preSolution
		Debug|Any CPU = Debug|Any CPU
		Release|Any CPU = Release|Any CPU
	EndGlobalSection
	GlobalSection(ProjectConfigurationPlatforms) = postSolution
		{0E768EAA-576B-432D-A5CB-5A2936AB0DD0}.Debug|Any CPU.ActiveCfg = Debug|Any CPU
		{0E768EAA-576B-432D-A5CB-5A2936AB0DD0}.Debug|Any CPU.Build.0 = Debug|Any CPU
		{0E768EAA-576B-432D-A5CB-5A2936AB0DD0}.Release|Any CPU.ActiveCfg = Release|Any CPU
		{0E768EAA-576B-432D-A5CB-5A2936AB0DD0}.Release|Any CPU.Build.0 = Release|Any CPU
	EndGlobalSection
	GlobalSection(SolutionProperties) = preSolution
		HideSolutionNode = FALSE
	EndGlobalSection
	GlobalSection(ExtensibilityGlobals) = postSolution
		SolutionGuid = {DE9A5B73-1430-40BD-B19D-99414F85B315}
	EndGlobalSection
EndGlobal
